{
  "name": "@ngx-metaui/fiori-rules",
  "version": "0.0.1",
  "lockfileVersion": 1,
  "requires": true,
  "dependencies": {
    "@sap-theming/theming-base-content": {
      "version": "11.1.15",
      "resolved": "https://registry.npmjs.org/@sap-theming/theming-base-content/-/theming-base-content-11.1.15.tgz",
      "integrity": "sha512-ndJmLE3CnelEfCo4Ni5XuvM9Ejh5DfFgarYmXkcS1vr+KrZNIcgaijZWFAdB2DKs6jHwln2cYm2ULmjjlhdkcQ=="
    },
    "flexboxgrid": {
      "version": "6.3.1",
      "resolved": "https://registry.npmjs.org/flexboxgrid/-/flexboxgrid-6.3.1.tgz",
      "integrity": "sha1-6ZiYr8B7cEdyK7galYpfuk1OIP0="
    },
    "fundamental-styles": {
      "version": "0.3.0",
      "resolved": "https://registry.npmjs.org/fundamental-styles/-/fundamental-styles-0.3.0.tgz",
      "integrity": "sha512-uiGY04wgWl7XpsfuIg9ktdvmy5KhD4NrpaHKIRjRXE+D1xZUb1xdMDR9jNRegmvAGPIjkxny7kBV/AjYEpcP0A==",
      "requires": {
        "@sap-theming/theming-base-content": "^11.1.10"
      }
    }
  }
}
